
Microsoft Visual Studio Solution File, Format Version 12.00
# Visual Studio 15
Project("{FAE04EC0-301F-11D3-BF4B-00C04F79EFBC}") = "xam-cognitive.Android", "xam-cognitive.Android\xam-cognitive.Android.csproj", "{42BB471D-883E-4672-9301-BE1D4323A366}"
EndProject
Project("{FAE04EC0-301F-11D3-BF4B-00C04F79EFBC}") = "xam-cognitive.iOS", "xam-cognitive.iOS\xam-cognitive.iOS.csproj", "{54878091-5628-44F8-9F37-78D367A0A60A}"
EndProject
Project("{FAE04EC0-301F-11D3-BF4B-00C04F79EFBC}") = "xam-cognitive", "xam-cognitive\xam-cognitive.csproj", "{B59B66F1-9944-463D-8D6A-5DE415C72C19}"
EndProject
Global
	GlobalSection(SolutionConfigurationPlatforms) = preSolution
		Debug|Any CPU = Debug|Any CPU
		Release|Any CPU = Release|Any CPU
		Debug|iPhoneSimulator = Debug|iPhoneSimulator
		Release|iPhoneSimulator = Release|iPhoneSimulator
		Debug|iPhone = Debug|iPhone
		Release|iPhone = Release|iPhone
		Ad-Hoc|iPhone = Ad-Hoc|iPhone
		AppStore|iPhone = AppStore|iPhone
	EndGlobalSection
	GlobalSection(ProjectConfigurationPlatforms) = postSolution
		{42BB471D-883E-4672-9301-BE1D4323A366}.Debug|Any CPU.ActiveCfg = Debug|Any CPU
		{42BB471D-883E-4672-9301-BE1D4323A366}.Debug|Any CPU.Build.0 = Debug|Any CPU
		{42BB471D-883E-4672-9301-BE1D4323A366}.Release|Any CPU.ActiveCfg = Release|Any CPU
		{42BB471D-883E-4672-9301-BE1D4323A366}.Release|Any CPU.Build.0 = Release|Any CPU
		{42BB471D-883E-4672-9301-BE1D4323A366}.Debug|iPhoneSimulator.ActiveCfg = Debug|Any CPU
		{42BB471D-883E-4672-9301-BE1D4323A366}.Debug|iPhoneSimulator.Build.0 = Debug|Any CPU
		{42BB471D-883E-4672-9301-BE1D4323A366}.Release|iPhoneSimulator.ActiveCfg = Release|Any CPU
		{42BB471D-883E-4672-9301-BE1D4323A366}.Release|iPhoneSimulator.Build.0 = Release|Any CPU
		{42BB471D-883E-4672-9301-BE1D4323A366}.Debug|iPhone.ActiveCfg = Debug|Any CPU
		{42BB471D-883E-4672-9301-BE1D4323A366}.Debug|iPhone.Build.0 = Debug|Any CPU
		{42BB471D-883E-4672-9301-BE1D4323A366}.Release|iPhone.ActiveCfg = Release|Any CPU
		{42BB471D-883E-4672-9301-BE1D4323A366}.Release|iPhone.Build.0 = Release|Any CPU
		{42BB471D-883E-4672-9301-BE1D4323A366}.Ad-Hoc|iPhone.ActiveCfg = Debug|Any CPU
		{42BB471D-883E-4672-9301-BE1D4323A366}.Ad-Hoc|iPhone.Build.0 = Debug|Any CPU
		{42BB471D-883E-4672-9301-BE1D4323A366}.AppStore|iPhone.ActiveCfg = Debug|Any CPU
		{42BB471D-883E-4672-9301-BE1D4323A366}.AppStore|iPhone.Build.0 = Debug|Any CPU
		{54878091-5628-44F8-9F37-78D367A0A60A}.Debug|Any CPU.ActiveCfg = Debug|iPhoneSimulator
		{54878091-5628-44F8-9F37-78D367A0A60A}.Debug|Any CPU.Build.0 = Debug|iPhoneSimulator
		{54878091-5628-44F8-9F37-78D367A0A60A}.Release|Any CPU.ActiveCfg = Release|iPhoneSimulator
		{54878091-5628-44F8-9F37-78D367A0A60A}.Release|Any CPU.Build.0 = Release|iPhoneSimulator
		{54878091-5628-44F8-9F37-78D367A0A60A}.Debug|iPhoneSimulator.ActiveCfg = Debug|iPhoneSimulator
		{54878091-5628-44F8-9F37-78D367A0A60A}.Debug|iPhoneSimulator.Build.0 = Debug|iPhoneSimulator
		{54878091-5628-44F8-9F37-78D367A0A60A}.Release|iPhoneSimulator.ActiveCfg = Release|iPhoneSimulator
		{54878091-5628-44F8-9F37-78D367A0A60A}.Release|iPhoneSimulator.Build.0 = Release|iPhoneSimulator
		{54878091-5628-44F8-9F37-78D367A0A60A}.Debug|iPhone.ActiveCfg = Debug|iPhone
		{54878091-5628-44F8-9F37-78D367A0A60A}.Debug|iPhone.Build.0 = Debug|iPhone
		{54878091-5628-44F8-9F37-78D367A0A60A}.Release|iPhone.ActiveCfg = Release|iPhone
		{54878091-5628-44F8-9F37-78D367A0A60A}.Release|iPhone.Build.0 = Release|iPhone
		{54878091-5628-44F8-9F37-78D367A0A60A}.Ad-Hoc|iPhone.ActiveCfg = Ad-Hoc|iPhone
		{54878091-5628-44F8-9F37-78D367A0A60A}.Ad-Hoc|iPhone.Build.0 = Ad-Hoc|iPhone
		{54878091-5628-44F8-9F37-78D367A0A60A}.AppStore|iPhone.ActiveCfg = AppStore|iPhone
		{54878091-5628-44F8-9F37-78D367A0A60A}.AppStore|iPhone.Build.0 = AppStore|iPhone
		{B59B66F1-9944-463D-8D6A-5DE415C72C19}.Debug|Any CPU.ActiveCfg = Debug|Any CPU
		{B59B66F1-9944-463D-8D6A-5DE415C72C19}.Debug|Any CPU.Build.0 = Debug|Any CPU
		{B59B66F1-9944-463D-8D6A-5DE415C72C19}.Release|Any CPU.ActiveCfg = Release|Any CPU
		{B59B66F1-9944-463D-8D6A-5DE415C72C19}.Release|Any CPU.Build.0 = Release|Any CPU
		{B59B66F1-9944-463D-8D6A-5DE415C72C19}.Debug|iPhoneSimulator.ActiveCfg = Debug|Any CPU
		{B59B66F1-9944-463D-8D6A-5DE415C72C19}.Debug|iPhoneSimulator.Build.0 = Debug|Any CPU
		{B59B66F1-9944-463D-8D6A-5DE415C72C19}.Release|iPhoneSimulator.ActiveCfg = Release|Any CPU
		{B59B66F1-9944-463D-8D6A-5DE415C72C19}.Release|iPhoneSimulator.Build.0 = Release|Any CPU
		{B59B66F1-9944-463D-8D6A-5DE415C72C19}.Debug|iPhone.ActiveCfg = Debug|Any CPU
		{B59B66F1-9944-463D-8D6A-5DE415C72C19}.Debug|iPhone.Build.0 = Debug|Any CPU
		{B59B66F1-9944-463D-8D6A-5DE415C72C19}.Release|iPhone.ActiveCfg = Release|Any CPU
		{B59B66F1-9944-463D-8D6A-5DE415C72C19}.Release|iPhone.Build.0 = Release|Any CPU
		{B59B66F1-9944-463D-8D6A-5DE415C72C19}.Ad-Hoc|iPhone.ActiveCfg = Debug|Any CPU
		{B59B66F1-9944-463D-8D6A-5DE415C72C19}.Ad-Hoc|iPhone.Build.0 = Debug|Any CPU
		{B59B66F1-9944-463D-8D6A-5DE415C72C19}.AppStore|iPhone.ActiveCfg = Debug|Any CPU
		{B59B66F1-9944-463D-8D6A-5DE415C72C19}.AppStore|iPhone.Build.0 = Debug|Any CPU
	EndGlobalSection
EndGlobal
